{
  "lockfile_version": "1",
  "packages": {
    "gitleaks@latest": {
      "last_modified": "2024-03-22T11:26:23Z",
      "resolved": "github:NixOS/nixpkgs/a3ed7406349a9335cb4c2a71369b697cecd9d351#gitleaks",
      "source": "devbox-search",
      "version": "8.18.2",
      "systems": {
        "aarch64-darwin": {
          "outputs": [
            {
              "name": "out",
              "path": "/nix/store/c5hddx8f78jbghpqlmcrr499196a4hzc-gitleaks-8.18.2",
              "default": true
            }
          ],
          "store_path": "/nix/store/c5hddx8f78jbghpqlmcrr499196a4hzc-gitleaks-8.18.2"
        },
        "aarch64-linux": {
          "outputs": [
            {
              "name": "out",
              "path": "/nix/store/lhz8dh82l8jbss4qnllx6fq7ns8dgrq8-gitleaks-8.18.2",
              "default": true
            }
          ],
          "store_path": "/nix/store/lhz8dh82l8jbss4qnllx6fq7ns8dgrq8-gitleaks-8.18.2"
        },
        "x86_64-darwin": {
          "outputs": [
            {
              "name": "out",
              "path": "/nix/store/3fp21b8qcdx41z83bymlxfa4pw1g5cjk-gitleaks-8.18.2",
              "default": true
            }
          ],
          "store_path": "/nix/store/3fp21b8qcdx41z83bymlxfa4pw1g5cjk-gitleaks-8.18.2"
        },
        "x86_64-linux": {
          "outputs": [
            {
              "name": "out",
              "path": "/nix/store/08wsyqjjm7wwrnr6jn74lfhy3w6cxprz-gitleaks-8.18.2",
              "default": true
            }
          ],
          "store_path": "/nix/store/08wsyqjjm7wwrnr6jn74lfhy3w6cxprz-gitleaks-8.18.2"
        }
      }
    },
    "go-task@latest": {
      "last_modified": "2024-03-22T11:26:23Z",
      "resolved": "github:NixOS/nixpkgs/a3ed7406349a9335cb4c2a71369b697cecd9d351#go-task",
      "source": "devbox-search",
      "version": "3.35.1",
      "systems": {
        "aarch64-darwin": {
          "outputs": [
            {
              "name": "out",
              "path": "/nix/store/8xlnzmvkpj03yw5xmsm6acz8w0rd3cr7-go-task-3.35.1",
              "default": true
            }
          ],
          "store_path": "/nix/store/8xlnzmvkpj03yw5xmsm6acz8w0rd3cr7-go-task-3.35.1"
        },
        "aarch64-linux": {
          "outputs": [
            {
              "name": "out",
              "path": "/nix/store/n0gjrdfrjj5pxirp3v6w9qdw3r8d076r-go-task-3.35.1",
              "default": true
            }
          ],
          "store_path": "/nix/store/n0gjrdfrjj5pxirp3v6w9qdw3r8d076r-go-task-3.35.1"
        },
        "x86_64-darwin": {
          "outputs": [
            {
              "name": "out",
              "path": "/nix/store/9a8myn2zjl17ws0h7pgw210mwvgd6dm8-go-task-3.35.1",
              "default": true
            }
          ],
          "store_path": "/nix/store/9a8myn2zjl17ws0h7pgw210mwvgd6dm8-go-task-3.35.1"
        },
        "x86_64-linux": {
          "outputs": [
            {
              "name": "out",
              "path": "/nix/store/1xb7vmm16bhlq12lk1q3fhkcypv2p9kb-go-task-3.35.1",
              "default": true
            }
          ],
          "store_path": "/nix/store/1xb7vmm16bhlq12lk1q3fhkcypv2p9kb-go-task-3.35.1"
        }
      }
    },
    "pre-commit@latest": {
      "last_modified": "2024-03-22T11:26:23Z",
      "resolved": "github:NixOS/nixpkgs/a3ed7406349a9335cb4c2a71369b697cecd9d351#pre-commit",
      "source": "devbox-search",
      "version": "3.6.2",
      "systems": {
        "aarch64-darwin": {
          "outputs": [
            {
              "name": "out",
              "path": "/nix/store/6wl4vr3gjkjqmmfdraliiy12ji0i9kr1-pre-commit-3.6.2",
              "default": true
            },
            {
              "name": "dist",
              "path": "/nix/store/f1wq1h2xaxswjh2pflrkx1kxid23lrb2-pre-commit-3.6.2-dist"
            }
          ],
          "store_path": "/nix/store/6wl4vr3gjkjqmmfdraliiy12ji0i9kr1-pre-commit-3.6.2"
        },
        "aarch64-linux": {
          "outputs": [
            {
              "name": "out",
              "path": "/nix/store/nx7rp9yi4nyyqlr12cgi3awrxx30bbbl-pre-commit-3.6.2",
              "default": true
            },
            {
              "name": "dist",
              "path": "/nix/store/3ca413zlf3mvs7amxsn9pkravxn4gsqv-pre-commit-3.6.2-dist"
            }
          ],
          "store_path": "/nix/store/nx7rp9yi4nyyqlr12cgi3awrxx30bbbl-pre-commit-3.6.2"
        },
        "x86_64-darwin": {
          "outputs": [
            {
              "name": "out",
              "path": "/nix/store/fv6fq7brr23d74igw1zs375gv5bznlyf-pre-commit-3.6.2",
              "default": true
            },
            {
              "name": "dist",
              "path": "/nix/store/6ak59jmmyaapd1x1xrcm8mvc81r4r5rl-pre-commit-3.6.2-dist"
            }
          ],
          "store_path": "/nix/store/fv6fq7brr23d74igw1zs375gv5bznlyf-pre-commit-3.6.2"
        },
        "x86_64-linux": {
          "outputs": [
            {
              "name": "out",
              "path": "/nix/store/4b3pm5rzbrr4ia0hhqag47d1r6qc2qyl-pre-commit-3.6.2",
              "default": true
            },
            {
              "name": "dist",
              "path": "/nix/store/9s8jf0fnli69jq28hsjwaqslzap5xr6p-pre-commit-3.6.2-dist"
            }
          ],
          "store_path": "/nix/store/4b3pm5rzbrr4ia0hhqag47d1r6qc2qyl-pre-commit-3.6.2"
        }
      }
    },
    "yamllint@latest": {
      "last_modified": "2024-03-22T11:26:23Z",
      "resolved": "github:NixOS/nixpkgs/a3ed7406349a9335cb4c2a71369b697cecd9d351#yamllint",
      "source": "devbox-search",
      "version": "1.35.1",
      "systems": {
        "aarch64-darwin": {
          "outputs": [
            {
              "name": "out",
              "path": "/nix/store/r31mbmsmp9bqkgs547fcwi7br7nz0rf3-python3.11-yamllint-1.35.1",
              "default": true
            },
            {
              "name": "dist",
              "path": "/nix/store/119inqmvz5b54ksk5cvn45lqsx4wnvvs-python3.11-yamllint-1.35.1-dist"
            }
          ],
          "store_path": "/nix/store/r31mbmsmp9bqkgs547fcwi7br7nz0rf3-python3.11-yamllint-1.35.1"
        },
        "aarch64-linux": {
          "outputs": [
            {
              "name": "out",
              "path": "/nix/store/jx5qwj3vm8q6wl0ixgqc7af9n6pbrf13-python3.11-yamllint-1.35.1",
              "default": true
            },
            {
              "name": "dist",
              "path": "/nix/store/zz7nxggzxgppwg2ckpq2sp04jbpmimsg-python3.11-yamllint-1.35.1-dist"
            }
          ],
          "store_path": "/nix/store/jx5qwj3vm8q6wl0ixgqc7af9n6pbrf13-python3.11-yamllint-1.35.1"
        },
        "x86_64-darwin": {
          "outputs": [
            {
              "name": "out",
              "path": "/nix/store/6dvsn987bdz3iwkw9v9v80p99vir398j-python3.11-yamllint-1.35.1",
              "default": true
            },
            {
              "name": "dist",
              "path": "/nix/store/zixdriyvgmmwb7wr865ii39mrnqpdqas-python3.11-yamllint-1.35.1-dist"
            }
          ],
          "store_path": "/nix/store/6dvsn987bdz3iwkw9v9v80p99vir398j-python3.11-yamllint-1.35.1"
        },
        "x86_64-linux": {
          "outputs": [
            {
              "name": "out",
              "path": "/nix/store/lnsi0cvxycz5g99x0b5c9y3l84x0lf9f-python3.11-yamllint-1.35.1",
              "default": true
            },
            {
              "name": "dist",
              "path": "/nix/store/r81wpjzl41nf4hi5g86pdzxh4ipkgskj-python3.11-yamllint-1.35.1-dist"
            }
          ],
          "store_path": "/nix/store/lnsi0cvxycz5g99x0b5c9y3l84x0lf9f-python3.11-yamllint-1.35.1"
        }
      }
    }
  }
}
